{
  "name": "qifi-backend",
  "version": "1.0.0",
  "lockfileVersion": 3,
  "requires": true,
  "packages": {
    "": {
      "name": "qifi-backend",
      "version": "1.0.0",
      "devDependencies": {
        "@cloudflare/workers-types": "^4.20240529.0",
        "typescript": "^5.4.5"
      }
    },
    "node_modules/@cloudflare/workers-types": {
      "version": "4.20260630.1",
      "dev": true,
      "license": "MIT OR Apache-2.0"
    },
    "node_modules/typescript": {
      "version": "5.9.3",
      "dev": true,
      "license": "Apache-2.0",
      "bin": {
        "tsc": "bin/tsc",
        "tsserver": "bin/tsserver"
      },
      "engines": {
        "node": ">=14.17"
      }
    }
  }
}
